
Microsoft Visual Studio Solution File, Format Version 12.00
Project("{FAE04EC0-301F-11D3-BF4B-00C04F79EFBC}") = "OBC.ConsoleApp", "OBC.ConsoleApp\OBC.ConsoleApp.csproj", "{8F27EE7D-89E8-447D-8A6B-D950B2F8765C}"
EndProject
Global
	GlobalSection(SolutionConfigurationPlatforms) = preSolution
		Debug|Any CPU = Debug|Any CPU
		Release|Any CPU = Release|Any CPU
	EndGlobalSection
	GlobalSection(ProjectConfigurationPlatforms) = postSolution
		{8F27EE7D-89E8-447D-8A6B-D950B2F8765C}.Debug|Any CPU.ActiveCfg = Debug|Any CPU
		{8F27EE7D-89E8-447D-8A6B-D950B2F8765C}.Debug|Any CPU.Build.0 = Debug|Any CPU
		{8F27EE7D-89E8-447D-8A6B-D950B2F8765C}.Release|Any CPU.ActiveCfg = Release|Any CPU
		{8F27EE7D-89E8-447D-8A6B-D950B2F8765C}.Release|Any CPU.Build.0 = Release|Any CPU
	EndGlobalSection
EndGlobal
